
Microsoft Visual Studio Solution File, Format Version 12.00
# Visual Studio Version 17
VisualStudioVersion = 17.0.31903.59
MinimumVisualStudioVersion = 10.0.40219.1
Project("{2150E333-8FDC-42A3-9474-1A3956D46DE8}") = "src", "src", "{827E0CD3-B72D-47B6-A68D-7590B98EB39B}"
EndProject
Project("{FAE04EC0-301F-11D3-BF4B-00C04F79EFBC}") = "MasterNet.WebApi", "src\MasterNet.WebApi\MasterNet.WebApi.csproj", "{403A98E3-040F-4CB1-B500-C7201B97021C}"
EndProject
Project("{FAE04EC0-301F-11D3-BF4B-00C04F79EFBC}") = "MasterNet.Domain", "src\MasterNet.Domain\MasterNet.Domain.csproj", "{C351B76C-6C6B-4122-BA98-ACF63CF7B579}"
EndProject
Project("{FAE04EC0-301F-11D3-BF4B-00C04F79EFBC}") = "MasterNet.Persistence", "src\MasterNet.Persistence\MasterNet.Persistence.csproj", "{47B789EC-8E6D-447D-A02C-356CD7E42C11}"
EndProject
Project("{FAE04EC0-301F-11D3-BF4B-00C04F79EFBC}") = "MasterNet.Application", "src\MasterNet.Application\MasterNet.Application.csproj", "{472D80FD-FAEC-40B7-ABAD-5FED99D43DCC}"
EndProject
Project("{FAE04EC0-301F-11D3-BF4B-00C04F79EFBC}") = "MasterNet.Infrastructure", "src\MasterNet.Infrastructure\MasterNet.Infrastructure.csproj", "{3D106271-6117-4CCD-9D48-F8121892F1EC}"
EndProject
Global
	GlobalSection(SolutionConfigurationPlatforms) = preSolution
		Debug|Any CPU = Debug|Any CPU
		Debug|x64 = Debug|x64
		Debug|x86 = Debug|x86
		Release|Any CPU = Release|Any CPU
		Release|x64 = Release|x64
		Release|x86 = Release|x86
	EndGlobalSection
	GlobalSection(ProjectConfigurationPlatforms) = postSolution
		{403A98E3-040F-4CB1-B500-C7201B97021C}.Debug|Any CPU.ActiveCfg = Debug|Any CPU
		{403A98E3-040F-4CB1-B500-C7201B97021C}.Debug|Any CPU.Build.0 = Debug|Any CPU
		{403A98E3-040F-4CB1-B500-C7201B97021C}.Debug|x64.ActiveCfg = Debug|Any CPU
		{403A98E3-040F-4CB1-B500-C7201B97021C}.Debug|x64.Build.0 = Debug|Any CPU
		{403A98E3-040F-4CB1-B500-C7201B97021C}.Debug|x86.ActiveCfg = Debug|Any CPU
		{403A98E3-040F-4CB1-B500-C7201B97021C}.Debug|x86.Build.0 = Debug|Any CPU
		{403A98E3-040F-4CB1-B500-C7201B97021C}.Release|Any CPU.ActiveCfg = Release|Any CPU
		{403A98E3-040F-4CB1-B500-C7201B97021C}.Release|Any CPU.Build.0 = Release|Any CPU
		{403A98E3-040F-4CB1-B500-C7201B97021C}.Release|x64.ActiveCfg = Release|Any CPU
		{403A98E3-040F-4CB1-B500-C7201B97021C}.Release|x64.Build.0 = Release|Any CPU
		{403A98E3-040F-4CB1-B500-C7201B97021C}.Release|x86.ActiveCfg = Release|Any CPU
		{403A98E3-040F-4CB1-B500-C7201B97021C}.Release|x86.Build.0 = Release|Any CPU
		{C351B76C-6C6B-4122-BA98-ACF63CF7B579}.Debug|Any CPU.ActiveCfg = Debug|Any CPU
		{C351B76C-6C6B-4122-BA98-ACF63CF7B579}.Debug|Any CPU.Build.0 = Debug|Any CPU
		{C351B76C-6C6B-4122-BA98-ACF63CF7B579}.Debug|x64.ActiveCfg = Debug|Any CPU
		{C351B76C-6C6B-4122-BA98-ACF63CF7B579}.Debug|x64.Build.0 = Debug|Any CPU
		{C351B76C-6C6B-4122-BA98-ACF63CF7B579}.Debug|x86.ActiveCfg = Debug|Any CPU
		{C351B76C-6C6B-4122-BA98-ACF63CF7B579}.Debug|x86.Build.0 = Debug|Any CPU
		{C351B76C-6C6B-4122-BA98-ACF63CF7B579}.Release|Any CPU.ActiveCfg = Release|Any CPU
		{C351B76C-6C6B-4122-BA98-ACF63CF7B579}.Release|Any CPU.Build.0 = Release|Any CPU
		{C351B76C-6C6B-4122-BA98-ACF63CF7B579}.Release|x64.ActiveCfg = Release|Any CPU
		{C351B76C-6C6B-4122-BA98-ACF63CF7B579}.Release|x64.Build.0 = Release|Any CPU
		{C351B76C-6C6B-4122-BA98-ACF63CF7B579}.Release|x86.ActiveCfg = Release|Any CPU
		{C351B76C-6C6B-4122-BA98-ACF63CF7B579}.Release|x86.Build.0 = Release|Any CPU
		{47B789EC-8E6D-447D-A02C-356CD7E42C11}.Debug|Any CPU.ActiveCfg = Debug|Any CPU
		{47B789EC-8E6D-447D-A02C-356CD7E42C11}.Debug|Any CPU.Build.0 = Debug|Any CPU
		{47B789EC-8E6D-447D-A02C-356CD7E42C11}.Debug|x64.ActiveCfg = Debug|Any CPU
		{47B789EC-8E6D-447D-A02C-356CD7E42C11}.Debug|x64.Build.0 = Debug|Any CPU
		{47B789EC-8E6D-447D-A02C-356CD7E42C11}.Debug|x86.ActiveCfg = Debug|Any CPU
		{47B789EC-8E6D-447D-A02C-356CD7E42C11}.Debug|x86.Build.0 = Debug|Any CPU
		{47B789EC-8E6D-447D-A02C-356CD7E42C11}.Release|Any CPU.ActiveCfg = Release|Any CPU
		{47B789EC-8E6D-447D-A02C-356CD7E42C11}.Release|Any CPU.Build.0 = Release|Any CPU
		{47B789EC-8E6D-447D-A02C-356CD7E42C11}.Release|x64.ActiveCfg = Release|Any CPU
		{47B789EC-8E6D-447D-A02C-356CD7E42C11}.Release|x64.Build.0 = Release|Any CPU
		{47B789EC-8E6D-447D-A02C-356CD7E42C11}.Release|x86.ActiveCfg = Release|Any CPU
		{47B789EC-8E6D-447D-A02C-356CD7E42C11}.Release|x86.Build.0 = Release|Any CPU
		{472D80FD-FAEC-40B7-ABAD-5FED99D43DCC}.Debug|Any CPU.ActiveCfg = Debug|Any CPU
		{472D80FD-FAEC-40B7-ABAD-5FED99D43DCC}.Debug|Any CPU.Build.0 = Debug|Any CPU
		{472D80FD-FAEC-40B7-ABAD-5FED99D43DCC}.Debug|x64.ActiveCfg = Debug|Any CPU
		{472D80FD-FAEC-40B7-ABAD-5FED99D43DCC}.Debug|x64.Build.0 = Debug|Any CPU
		{472D80FD-FAEC-40B7-ABAD-5FED99D43DCC}.Debug|x86.ActiveCfg = Debug|Any CPU
		{472D80FD-FAEC-40B7-ABAD-5FED99D43DCC}.Debug|x86.Build.0 = Debug|Any CPU
		{472D80FD-FAEC-40B7-ABAD-5FED99D43DCC}.Release|Any CPU.ActiveCfg = Release|Any CPU
		{472D80FD-FAEC-40B7-ABAD-5FED99D43DCC}.Release|Any CPU.Build.0 = Release|Any CPU
		{472D80FD-FAEC-40B7-ABAD-5FED99D43DCC}.Release|x64.ActiveCfg = Release|Any CPU
		{472D80FD-FAEC-40B7-ABAD-5FED99D43DCC}.Release|x64.Build.0 = Release|Any CPU
		{472D80FD-FAEC-40B7-ABAD-5FED99D43DCC}.Release|x86.ActiveCfg = Release|Any CPU
		{472D80FD-FAEC-40B7-ABAD-5FED99D43DCC}.Release|x86.Build.0 = Release|Any CPU
		{3D106271-6117-4CCD-9D48-F8121892F1EC}.Debug|Any CPU.ActiveCfg = Debug|Any CPU
		{3D106271-6117-4CCD-9D48-F8121892F1EC}.Debug|Any CPU.Build.0 = Debug|Any CPU
		{3D106271-6117-4CCD-9D48-F8121892F1EC}.Debug|x64.ActiveCfg = Debug|Any CPU
		{3D106271-6117-4CCD-9D48-F8121892F1EC}.Debug|x64.Build.0 = Debug|Any CPU
		{3D106271-6117-4CCD-9D48-F8121892F1EC}.Debug|x86.ActiveCfg = Debug|Any CPU
		{3D106271-6117-4CCD-9D48-F8121892F1EC}.Debug|x86.Build.0 = Debug|Any CPU
		{3D106271-6117-4CCD-9D48-F8121892F1EC}.Release|Any CPU.ActiveCfg = Release|Any CPU
		{3D106271-6117-4CCD-9D48-F8121892F1EC}.Release|Any CPU.Build.0 = Release|Any CPU
		{3D106271-6117-4CCD-9D48-F8121892F1EC}.Release|x64.ActiveCfg = Release|Any CPU
		{3D106271-6117-4CCD-9D48-F8121892F1EC}.Release|x64.Build.0 = Release|Any CPU
		{3D106271-6117-4CCD-9D48-F8121892F1EC}.Release|x86.ActiveCfg = Release|Any CPU
		{3D106271-6117-4CCD-9D48-F8121892F1EC}.Release|x86.Build.0 = Release|Any CPU
	EndGlobalSection
	GlobalSection(SolutionProperties) = preSolution
		HideSolutionNode = FALSE
	EndGlobalSection
	GlobalSection(NestedProjects) = preSolution
		{403A98E3-040F-4CB1-B500-C7201B97021C} = {827E0CD3-B72D-47B6-A68D-7590B98EB39B}
		{C351B76C-6C6B-4122-BA98-ACF63CF7B579} = {827E0CD3-B72D-47B6-A68D-7590B98EB39B}
		{47B789EC-8E6D-447D-A02C-356CD7E42C11} = {827E0CD3-B72D-47B6-A68D-7590B98EB39B}
		{472D80FD-FAEC-40B7-ABAD-5FED99D43DCC} = {827E0CD3-B72D-47B6-A68D-7590B98EB39B}
		{3D106271-6117-4CCD-9D48-F8121892F1EC} = {827E0CD3-B72D-47B6-A68D-7590B98EB39B}
	EndGlobalSection
EndGlobal
